
Microsoft Visual Studio Solution File, Format Version 12.00
# Visual Studio Version 16
VisualStudioVersion = 16.0.29326.143
MinimumVisualStudioVersion = 10.0.40219.1
Project("{9A19103F-16F7-4668-BE54-9A1E7A4F7556}") = "SchedulingTest", "SchedulingTest\SchedulingTest.csproj", "{2B181BEF-450B-4A17-AD15-F4A9DF29A790}"
EndProject
Project("{9A19103F-16F7-4668-BE54-9A1E7A4F7556}") = "Domain", "Entities\Domain.csproj", "{A409BA01-BE6A-450E-9709-D49CA53B453C}"
EndProject
Global
	GlobalSection(SolutionConfigurationPlatforms) = preSolution
		Debug|Any CPU = Debug|Any CPU
		Release|Any CPU = Release|Any CPU
	EndGlobalSection
	GlobalSection(ProjectConfigurationPlatforms) = postSolution
		{2B181BEF-450B-4A17-AD15-F4A9DF29A790}.Debug|Any CPU.ActiveCfg = Debug|Any CPU
		{2B181BEF-450B-4A17-AD15-F4A9DF29A790}.Debug|Any CPU.Build.0 = Debug|Any CPU
		{2B181BEF-450B-4A17-AD15-F4A9DF29A790}.Release|Any CPU.ActiveCfg = Release|Any CPU
		{2B181BEF-450B-4A17-AD15-F4A9DF29A790}.Release|Any CPU.Build.0 = Release|Any CPU
		{A409BA01-BE6A-450E-9709-D49CA53B453C}.Debug|Any CPU.ActiveCfg = Debug|Any CPU
		{A409BA01-BE6A-450E-9709-D49CA53B453C}.Debug|Any CPU.Build.0 = Debug|Any CPU
		{A409BA01-BE6A-450E-9709-D49CA53B453C}.Release|Any CPU.ActiveCfg = Release|Any CPU
		{A409BA01-BE6A-450E-9709-D49CA53B453C}.Release|Any CPU.Build.0 = Release|Any CPU
	EndGlobalSection
	GlobalSection(SolutionProperties) = preSolution
		HideSolutionNode = FALSE
	EndGlobalSection
	GlobalSection(ExtensibilityGlobals) = postSolution
		SolutionGuid = {CEE6A31D-F63E-4DEF-B371-EAFAE0AADD43}
	EndGlobalSection
EndGlobal
